
Microsoft Visual Studio Solution File, Format Version 12.00
# Visual Studio Version 16
VisualStudioVersion = 16.0.30611.23
MinimumVisualStudioVersion = 10.0.40219.1
Project("{FAE04EC0-301F-11D3-BF4B-00C04F79EFBC}") = "grid", "grid.csproj", "{2B5AADF3-3DFA-499A-BEB7-CCD9381E76C9}"
EndProject
Global
	GlobalSection(SolutionConfigurationPlatforms) = preSolution
		Debug|Any CPU = Debug|Any CPU
		Release|Any CPU = Release|Any CPU
	EndGlobalSection
	GlobalSection(ProjectConfigurationPlatforms) = postSolution
		{2B5AADF3-3DFA-499A-BEB7-CCD9381E76C9}.Debug|Any CPU.ActiveCfg = Debug|Any CPU
		{2B5AADF3-3DFA-499A-BEB7-CCD9381E76C9}.Debug|Any CPU.Build.0 = Debug|Any CPU
		{2B5AADF3-3DFA-499A-BEB7-CCD9381E76C9}.Release|Any CPU.ActiveCfg = Release|Any CPU
		{2B5AADF3-3DFA-499A-BEB7-CCD9381E76C9}.Release|Any CPU.Build.0 = Release|Any CPU
	EndGlobalSection
	GlobalSection(SolutionProperties) = preSolution
		HideSolutionNode = FALSE
	EndGlobalSection
	GlobalSection(ExtensibilityGlobals) = postSolution
		SolutionGuid = {78E64742-5E43-4AF2-B561-0F1FBD44D60C}
	EndGlobalSection
EndGlobal
